# This file is automatically @generated by Poetry 2.2.1 and should not be changed by hand.

[[package]]
name = "asyncpg"
version = "0.30.0"
description = "An asyncio PostgreSQL driver"
optional = false
python-versions = ">=3.8.0"
groups = ["main"]
files = [
    {file = "asyncpg-0.30.0-cp310-cp310-macosx_10_9_x86_64.whl", hash = "sha256:bfb4dd5ae0699bad2b233672c8fc5ccbd9ad24b89afded02341786887e37927e"},
    {file = "asyncpg-0.30.0-cp310-cp310-macosx_11_0_arm64.whl", hash = "sha256:dc1f62c792752a49f88b7e6f774c26077091b44caceb1983509edc18a2222ec0"},
    {file = "asyncpg-0.30.0-cp310-cp310-manylinux_2_17_aarch64.manylinux2014_aarch64.whl", hash = "sha256:3152fef2e265c9c24eec4ee3d22b4f4d2703d30614b0b6753e9ed4115c8a146f"},
    {file = "asyncpg-0.30.0-cp310-cp310-manylinux_2_17_x86_64.manylinux2014_x86_64.whl", hash = "sha256:c7255812ac85099a0e1ffb81b10dc477b9973345793776b128a23e60148dd1af"},
    {file = "asyncpg-0.30.0-cp310-cp310-musllinux_1_2_aarch64.whl", hash = "sha256:578445f09f45d1ad7abddbff2a3c7f7c291738fdae0abffbeb737d3fc3ab8b75"},
    {file = "asyncpg-0.30.0-cp310-cp310-musllinux_1_2_x86_64.whl", hash = "sha256:c42f6bb65a277ce4d93f3fba46b91a265631c8df7250592dd4f11f8b0152150f"},
    {file = "asyncpg-0.30.0-cp310-cp310-win32.whl", hash = "sha256:aa403147d3e07a267ada2ae34dfc9324e67ccc4cdca35261c8c22792ba2b10cf"},
    {file = "asyncpg-0.30.0-cp310-cp310-win_amd64.whl", hash = "sha256:fb622c94db4e13137c4c7f98834185049cc50ee01d8f657ef898b6407c7b9c50"},
    {file = "asyncpg-0.30.0-cp311-cp311-macosx_10_9_x86_64.whl", hash = "sha256:5e0511ad3dec5f6b4f7a9e063591d407eee66b88c14e2ea636f187da1dcfff6a"},
    {file = "asyncpg-0.30.0-cp311-cp311-macosx_11_0_arm64.whl", hash = "sha256:915aeb9f79316b43c3207363af12d0e6fd10776641a7de8a01212afd95bdf0ed"},
    {file = "asyncpg-0.30.0-cp311-cp311-manylinux_2_17_aarch64.manylinux2014_aarch64.whl", hash = "sha256:1c198a00cce9506fcd0bf219a799f38ac7a237745e1d27f0e1f66d3707c84a5a"},
    {file = "asyncpg-0.30.0-cp311-cp311-manylinux_2_17_x86_64.manylinux2014_x86_64.whl", hash = "sha256:3326e6d7381799e9735ca2ec9fd7be4d5fef5dcbc3cb555d8a463d8460607956"},
    {file = "asyncpg-0.30.0-cp311-cp311-musllinux_1_2_aarch64.whl", hash = "sha256:51da377487e249e35bd0859661f6ee2b81db11ad1f4fc036194bc9cb2ead5056"},
    {file = "asyncpg-0.30.0-cp311-cp311-musllinux_1_2_x86_64.whl", hash = "sha256:bc6d84136f9c4d24d358f3b02be4b6ba358abd09f80737d1ac7c444f36108454"},
    {file = "asyncpg-0.30.0-cp311-cp311-win32.whl", hash = "sha256:574156480df14f64c2d76450a3f3aaaf26105869cad3865041156b38459e935d"},
    {file = "asyncpg-0.30.0-cp311-cp311-win_amd64.whl", hash = "sha256:3356637f0bd830407b5597317b3cb3571387ae52ddc3bca6233682be88bbbc1f"},
    {file = "asyncpg-0.30.0-cp312-cp312-macosx_10_13_x86_64.whl", hash = "sha256:c902a60b52e506d38d7e80e0dd5399f657220f24635fee368117b8b5fce1142e"},
    {file = "asyncpg-0.30.0-cp312-cp312-macosx_11_0_arm64.whl", hash = "sha256:aca1548e43bbb9f0f627a04666fedaca23db0a31a84136ad1f868cb15deb6e3a"},
    {file = "asyncpg-0.30.0-cp312-cp312-manylinux_2_17_aarch64.manylinux2014_aarch64.whl", hash = "sha256:6c2a2ef565400234a633da0eafdce27e843836256d40705d83ab7ec42074efb3"},
    {file = "asyncpg-0.30.0-cp312-cp312-manylinux_2_17_x86_64.manylinux2014_x86_64.whl", hash = "sha256:1292b84ee06ac8a2ad8e51c7475aa309245874b61333d97411aab835c4a2f737"},
    {file = "asyncpg-0.30.0-cp312-cp312-musllinux_1_2_aarch64.whl", hash = "sha256:0f5712350388d0cd0615caec629ad53c81e506b1abaaf8d14c93f54b35e3595a"},
    {file = "asyncpg-0.30.0-cp312-cp312-musllinux_1_2_x86_64.whl", hash = "sha256:db9891e2d76e6f425746c5d2da01921e9a16b5a71a1c905b13f30e12a257c4af"},
    {file = "asyncpg-0.30.0-cp312-cp312-win32.whl", hash = "sha256:68d71a1be3d83d0570049cd1654a9bdfe506e794ecc98ad0873304a9f35e411e"},
    {file = "asyncpg-0.30.0-cp312-cp312-win_amd64.whl", hash = "sha256:9a0292c6af5c500523949155ec17b7fe01a00ace33b68a476d6b5059f9630305"},
    {file = "asyncpg-0.30.0-cp313-cp313-macosx_10_13_x86_64.whl", hash = "sha256:05b185ebb8083c8568ea8a40e896d5f7af4b8554b64d7719c0eaa1eb5a5c3a70"},
    {file = "asyncpg-0.30.0-cp313-cp313-macosx_11_0_arm64.whl", hash = "sha256:c47806b1a8cbb0a0db896f4cd34d89942effe353a5035c62734ab13b9f938da3"},
    {file = "asyncpg-0.30.0-cp313-cp313-manylinux_2_17_aarch64.manylinux2014_aarch64.whl", hash = "sha256:9b6fde867a74e8c76c71e2f64f80c64c0f3163e687f1763cfaf21633ec24ec33"},
    {file = "asyncpg-0.30.0-cp313-cp313-manylinux_2_17_x86_64.manylinux2014_x86_64.whl", hash = "sha256:46973045b567972128a27d40001124fbc821c87a6cade040cfcd4fa8a30bcdc4"},
    {file = "asyncpg-0.30.0-cp313-cp313-musllinux_1_2_aarch64.whl", hash = "sha256:9110df111cabc2ed81aad2f35394a00cadf4f2e0635603db6ebbd0fc896f46a4"},
    {file = "asyncpg-0.30.0-cp313-cp313-musllinux_1_2_x86_64.whl", hash = "sha256:04ff0785ae7eed6cc138e73fc67b8e51d54ee7a3ce9b63666ce55a0bf095f7ba"},
    {file = "asyncpg-0.30.0-cp313-cp313-win32.whl", hash = "sha256:ae374585f51c2b444510cdf3595b97ece4f233fde739aa14b50e0d64e8a7a590"},
    {file = "asyncpg-0.30.0-cp313-cp313-win_amd64.whl", hash = "sha256:f59b430b8e27557c3fb9869222559f7417ced18688375825f8f12302c34e915e"},
    {file = "asyncpg-0.30.0-cp38-cp38-macosx_10_9_x86_64.whl", hash = "sha256:29ff1fc8b5bf724273782ff8b4f57b0f8220a1b2324184846b39d1ab4122031d"},
    {file = "asyncpg-0.30.0-cp38-cp38-macosx_11_0_arm64.whl", hash = "sha256:64e899bce0600871b55368b8483e5e3e7f1860c9482e7f12e0a771e747988168"},
    {file = "asyncpg-0.30.0-cp38-cp38-manylinux_2_17_aarch64.manylinux2014_aarch64.whl", hash = "sha256:5b290f4726a887f75dcd1b3006f484252db37602313f806e9ffc4e5996cfe5cb"},
    {file = "asyncpg-0.30.0-cp38-cp38-manylinux_2_17_x86_64.manylinux2014_x86_64.whl", hash = "sha256:f86b0e2cd3f1249d6fe6fd6cfe0cd4538ba994e2d8249c0491925629b9104d0f"},
    {file = "asyncpg-0.30.0-cp38-cp38-musllinux_1_2_aarch64.whl", hash = "sha256:393af4e3214c8fa4c7b86da6364384c0d1b3298d45803375572f415b6f673f38"},
    {file = "asyncpg-0.30.0-cp38-cp38-musllinux_1_2_x86_64.whl", hash = "sha256:fd4406d09208d5b4a14db9a9dbb311b6d7aeeab57bded7ed2f8ea41aeef39b34"},
    {file = "asyncpg-0.30.0-cp38-cp38-win32.whl", hash = "sha256:0b448f0150e1c3b96cb0438a0d0aa4871f1472e58de14a3ec320dbb2798fb0d4"},
    {file = "asyncpg-0.30.0-cp38-cp38-win_amd64.whl", hash = "sha256:f23b836dd90bea21104f69547923a02b167d999ce053f3d502081acea2fba15b"},
    {file = "asyncpg-0.30.0-cp39-cp39-macosx_10_9_x86_64.whl", hash = "sha256:6f4e83f067b35ab5e6371f8a4c93296e0439857b4569850b178a01385e82e9ad"},
    {file = "asyncpg-0.30.0-cp39-cp39-macosx_11_0_arm64.whl", hash = "sha256:5df69d55add4efcd25ea2a3b02025b669a285b767bfbf06e356d68dbce4234ff"},
    {file = "asyncpg-0.30.0-cp39-cp39-manylinux_2_17_aarch64.manylinux2014_aarch64.whl", hash = "sha256:a3479a0d9a852c7c84e822c073622baca862d1217b10a02dd57ee4a7a081f708"},
    {file = "asyncpg-0.30.0-cp39-cp39-manylinux_2_17_x86_64.manylinux2014_x86_64.whl", hash = "sha256:26683d3b9a62836fad771a18ecf4659a30f348a561279d6227dab96182f46144"},
    {file = "asyncpg-0.30.0-cp39-cp39-musllinux_1_2_aarch64.whl", hash = "sha256:1b982daf2441a0ed314bd10817f1606f1c28b1136abd9e4f11335358c2c631cb"},
    {file = "asyncpg-0.30.0-cp39-cp39-musllinux_1_2_x86_64.whl", hash = "sha256:1c06a3a50d014b303e5f6fc1e5f95eb28d2cee89cf58384b700da621e5d5e547"},
    {file = "asyncpg-0.30.0-cp39-cp39-win32.whl", hash = "sha256:1b11a555a198b08f5c4baa8f8231c74a366d190755aa4f99aacec5970afe929a"},
    {file = "asyncpg-0.30.0-cp39-cp39-win_amd64.whl", hash = "sha256:8b684a3c858a83cd876f05958823b68e8d14ec01bb0c0d14a6704c5bf9711773"},
    {file = "asyncpg-0.30.0.tar.gz", hash = "sha256:c551e9928ab6707602f44811817f82ba3c446e018bfe1d3abecc8ba5f3eac851"},
]

[package.extras]
docs = ["Sphinx (>=8.1.3,<8.2.0)", "sphinx-rtd-theme (>=1.2.2)"]
gssauth = ["gssapi ; platform_system != \"Windows\"", "sspilib ; platform_system == \"Windows\""]
test = ["distro (>=1.9.0,<1.10.0)", "flake8 (>=6.1,<7.0)", "flake8-pyi (>=24.1.0,<24.2.0)", "gssapi ; platform_system == \"Linux\"", "k5test ; platform_system == \"Linux\"", "mypy (>=1.8.0,<1.9.0)", "sspilib ; platform_system == \"Windows\"", "uvloop (>=0.15.3) ; platform_system != \"Windows\" and python_version < \"3.14.0\""]

[[package]]
name = "bcrypt"
version = "5.0.0"
description = "Modern password hashing for your software and your servers"
optional = false
python-versions = ">=3.8"
groups = ["main"]
files = [
    {file = "bcrypt-5.0.0-cp313-cp313t-macosx_10_12_universal2.whl", hash = "sha256:f3c08197f3039bec79cee59a606d62b96b16669cff3949f21e74796b6e3cd2be"},
    {file = "bcrypt-5.0.0-cp313-cp313t-manylinux2014_aarch64.manylinux_2_17_aarch64.whl", hash = "sha256:200af71bc25f22006f4069060c88ed36f8aa4ff7f53e67ff04d2ab3f1e79a5b2"},
    {file = "bcrypt-5.0.0-cp313-cp313t-manylinux2014_x86_64.manylinux_2_17_x86_64.whl", hash = "sha256:baade0a5657654c2984468efb7d6c110db87ea63ef5a4b54732e7e337253e44f"},
    {file = "bcrypt-5.0.0-cp313-cp313t-manylinux_2_28_aarch64.whl", hash = "sha256:c58b56cdfb03202b3bcc9fd8daee8e8e9b6d7e3163aa97c631dfcfcc24d36c86"},
    {file = "bcrypt-5.0.0-cp313-cp313t-manylinux_2_28_armv7l.manylinux_2_31_armv7l.whl", hash = "sha256:4bfd2a34de661f34d0bda43c3e4e79df586e4716ef401fe31ea39d69d581ef23"},
    {file = "bcrypt-5.0.0-cp313-cp313t-manylinux_2_28_x86_64.whl", hash = "sha256:ed2e1365e31fc73f1825fa830f1c8f8917ca1b3ca6185773b349c20fd606cec2"},
    {file = "bcrypt-5.0.0-cp313-cp313t-manylinux_2_34_aarch64.whl", hash = "sha256:83e787d7a84dbbfba6f250dd7a5efd689e935f03dd83b0f919d39349e1f23f83"},
    {file = "bcrypt-5.0.0-cp313-cp313t-manylinux_2_34_x86_64.whl", hash = "sha256:137c5156524328a24b9fac1cb5db0ba618bc97d11970b39184c1d87dc4bf1746"},
    {file = "bcrypt-5.0.0-cp313-cp313t-musllinux_1_1_aarch64.whl", hash = "sha256:38cac74101777a6a7d3b3e3cfefa57089b5ada650dce2baf0cbdd9d65db22a9e"},
    {file = "bcrypt-5.0.0-cp313-cp313t-musllinux_1_1_x86_64.whl", hash = "sha256:d8d65b564ec849643d9f7ea05c6d9f0cd7ca23bdd4ac0c2dbef1104ab504543d"},
    {file = "bcrypt-5.0.0-cp313-cp313t-musllinux_1_2_aarch64.whl", hash = "sha256:741449132f64b3524e95cd30e5cd3343006ce146088f074f31ab26b94e6c75ba"},
    {file = "bcrypt-5.0.0-cp313-cp313t-musllinux_1_2_x86_64.whl", hash = "sha256:212139484ab3207b1f0c00633d3be92fef3c5f0af17cad155679d03ff2ee1e41"},
    {file = "bcrypt-5.0.0-cp313-cp313t-win32.whl", hash = "sha256:9d52ed507c2488eddd6a95bccee4e808d3234fa78dd370e24bac65a21212b861"},
    {file = "bcrypt-5.0.0-cp313-cp313t-win_amd64.whl", hash = "sha256:f6984a24db30548fd39a44360532898c33528b74aedf81c26cf29c51ee47057e"},
    {file = "bcrypt-5.0.0-cp313-cp313t-win_arm64.whl", hash = "sha256:9fffdb387abe6aa775af36ef16f55e318dcda4194ddbf82007a6f21da29de8f5"},
    {file = "bcrypt-5.0.0-cp314-cp314t-macosx_10_12_universal2.whl", hash = "sha256:4870a52610537037adb382444fefd3706d96d663ac44cbb2f37e3919dca3d7ef"},
    {file = "bcrypt-5.0.0-cp314-cp314t-manylinux2014_aarch64.manylinux_2_17_aarch64.whl", hash = "sha256:48f753100931605686f74e27a7b49238122aa761a9aefe9373265b8b7aa43ea4"},
    {file = "bcrypt-5.0.0-cp314-cp314t-manylinux2014_x86_64.manylinux_2_17_x86_64.whl", hash = "sha256:f70aadb7a809305226daedf75d90379c397b094755a710d7014b8b117df1ebbf"},
    {file = "bcrypt-5.0.0-cp314-cp314t-manylinux_2_28_aarch64.whl", hash = "sha256:744d3c6b164caa658adcb72cb8cc9ad9b4b75c7db507ab4bc2480474a51989da"},
    {file = "bcrypt-5.0.0-cp314-cp314t-manylinux_2_28_armv7l.manylinux_2_31_armv7l.whl", hash = "sha256:a28bc05039bdf3289d757f49d616ab3efe8cf40d8e8001ccdd621cd4f98f4fc9"},
    {file = "bcrypt-5.0.0-cp314-cp314t-manylinux_2_28_x86_64.whl", hash = "sha256:7f277a4b3390ab4bebe597800a90da0edae882c6196d3038a73adf446c4f969f"},
    {file = "bcrypt-5.0.0-cp314-cp314t-manylinux_2_34_aarch64.whl", hash = "sha256:79cfa161eda8d2ddf29acad370356b47f02387153b11d46042e93a0a95127493"},
    {file = "bcrypt-5.0.0-cp314-cp314t-manylinux_2_34_x86_64.whl", hash = "sha256:a5393eae5722bcef046a990b84dff02b954904c36a194f6cfc817d7dca6c6f0b"},
    {file = "bcrypt-5.0.0-cp314-cp314t-musllinux_1_2_aarch64.whl", hash = "sha256:7f4c94dec1b5ab5d522750cb059bb9409ea8872d4494fd152b53cca99f1ddd8c"},
    {file = "bcrypt-5.0.0-cp314-cp314t-musllinux_1_2_x86_64.whl", hash = "sha256:0cae4cb350934dfd74c020525eeae0a5f79257e8a201c0c176f4b84fdbf2a4b4"},
    {file = "bcrypt-5.0.0-cp314-cp314t-win32.whl", hash = "sha256:b17366316c654e1ad0306a6858e189fc835eca39f7eb2cafd6aaca8ce0c40a2e"},
    {file = "bcrypt-5.0.0-cp314-cp314t-win_amd64.whl", hash = "sha256:92864f54fb48b4c718fc92a32825d0e42265a627f956bc0361fe869f1adc3e7d"},
    {file = "bcrypt-5.0.0-cp314-cp314t-win_arm64.whl", hash = "sha256:dd19cf5184a90c873009244586396a6a884d591a5323f0e8a5922560718d4993"},
    {file = "bcrypt-5.0.0-cp38-abi3-macosx_10_12_universal2.whl", hash = "sha256:fc746432b951e92b58317af8e0ca746efe93e66555f1b40888865ef5bf56446b"},
    {file = "bcrypt-5.0.0-cp38-abi3-manylinux2014_aarch64.manylinux_2_17_aarch64.whl", hash = "sha256:c2388ca94ffee269b6038d48747f4ce8df0ffbea43f31abfa18ac72f0218effb"},
    {file = "bcrypt-5.0.0-cp38-abi3-manylinux2014_x86_64.manylinux_2_17_x86_64.whl", hash = "sha256:560ddb6ec730386e7b3b26b8b4c88197aaed924430e7b74666a586ac997249ef"},
    {file = "bcrypt-5.0.0-cp38-abi3-manylinux_2_28_aarch64.whl", hash = "sha256:d79e5c65dcc9af213594d6f7f1fa2c98ad3fc10431e7aa53c176b441943efbdd"},
    {file = "bcrypt-5.0.0-cp38-abi3-manylinux_2_28_armv7l.manylinux_2_31_armv7l.whl", hash = "sha256:2b732e7d388fa22d48920baa267ba5d97cca38070b69c0e2d37087b381c681fd"},
    {file = "bcrypt-5.0.0-cp38-abi3-manylinux_2_28_x86_64.whl", hash = "sha256:0c8e093ea2532601a6f686edbc2c6b2ec24131ff5c52f7610dd64fa4553b5464"},
    {file = "bcrypt-5.0.0-cp38-abi3-manylinux_2_34_aarch64.whl", hash = "sha256:5b1589f4839a0899c146e8892efe320c0fa096568abd9b95593efac50a87cb75"},
    {file = "bcrypt-5.0.0-cp38-abi3-manylinux_2_34_x86_64.whl", hash = "sha256:89042e61b5e808b67daf24a434d89bab164d4de1746b37a8d173b6b14f3db9ff"},
    {file = "bcrypt-5.0.0-cp38-abi3-musllinux_1_1_aarch64.whl", hash = "sha256:e3cf5b2560c7b5a142286f69bde914494b6d8f901aaa71e453078388a50881c4"},
    {file = "bcrypt-5.0.0-cp38-abi3-musllinux_1_1_x86_64.whl", hash = "sha256:f632fd56fc4e61564f78b46a2269153122db34988e78b6be8b32d28507b7eaeb"},
    {file = "bcrypt-5.0.0-cp38-abi3-musllinux_1_2_aarch64.whl", hash = "sha256:801cad5ccb6b87d1b430f183269b94c24f248dddbbc5c1f78b6ed231743e001c"},
    {file = "bcrypt-5.0.0-cp38-abi3-musllinux_1_2_x86_64.whl", hash = "sha256:3cf67a804fc66fc217e6914a5635000259fbbbb12e78a99488e4d5ba445a71eb"},
    {file = "bcrypt-5.0.0-cp38-abi3-win32.whl", hash = "sha256:3abeb543874b2c0524ff40c57a4e14e5d3a66ff33fb423529c88f180fd756538"},
    {file = "bcrypt-5.0.0-cp38-abi3-win_amd64.whl", hash = "sha256:35a77ec55b541e5e583eb3436ffbbf53b0ffa1fa16ca6782279daf95d146dcd9"},
    {file = "bcrypt-5.0.0-cp38-abi3-win_arm64.whl", hash = "sha256:cde08734f12c6a4e28dc6755cd11d3bdfea608d93d958fffbe95a7026ebe4980"},
    {file = "bcrypt-5.0.0-cp39-abi3-macosx_10_12_universal2.whl", hash = "sha256:0c418ca99fd47e9c59a301744d63328f17798b5947b0f791e9af3c1c499c2d0a"},
    {file = "bcrypt-5.0.0-cp39-abi3-manylinux2014_aarch64.manylinux_2_17_aarch64.whl", hash = "sha256:ddb4e1500f6efdd402218ffe34d040a1196c072e07929b9820f363a1fd1f4191"},
    {file = "bcrypt-5.0.0-cp39-abi3-manylinux2014_x86_64.manylinux_2_17_x86_64.whl", hash = "sha256:7aeef54b60ceddb6f30ee3db090351ecf0d40ec6e2abf41430997407a46d2254"},
    {file = "bcrypt-5.0.0-cp39-abi3-manylinux_2_28_aarch64.whl", hash = "sha256:f0ce778135f60799d89c9693b9b398819d15f1921ba15fe719acb3178215a7db"},
    {file = "bcrypt-5.0.0-cp39-abi3-manylinux_2_28_armv7l.manylinux_2_31_armv7l.whl", hash = "sha256:a71f70ee269671460b37a449f5ff26982a6f2ba493b3eabdd687b4bf35f875ac"},
    {file = "bcrypt-5.0.0-cp39-abi3-manylinux_2_28_x86_64.whl", hash = "sha256:f8429e1c410b4073944f03bd778a9e066e7fad723564a52ff91841d278dfc822"},
    {file = "bcrypt-5.0.0-cp39-abi3-manylinux_2_34_aarch64.whl", hash = "sha256:edfcdcedd0d0f05850c52ba3127b1fce70b9f89e0fe5ff16517df7e81fa3cbb8"},
    {file = "bcrypt-5.0.0-cp39-abi3-manylinux_2_34_x86_64.whl", hash = "sha256:611f0a17aa4a25a69362dcc299fda5c8a3d4f160e2abb3831041feb77393a14a"},
    {file = "bcrypt-5.0.0-cp39-abi3-musllinux_1_1_aarch64.whl", hash = "sha256:db99dca3b1fdc3db87d7c57eac0c82281242d1eabf19dcb8a6b10eb29a2e72d1"},
    {file = "bcrypt-5.0.0-cp39-abi3-musllinux_1_1_x86_64.whl", hash = "sha256:5feebf85a9cefda32966d8171f5db7e3ba964b77fdfe31919622256f80f9cf42"},
    {file = "bcrypt-5.0.0-cp39-abi3-musllinux_1_2_aarch64.whl", hash = "sha256:3ca8a166b1140436e058298a34d88032ab62f15aae1c598580333dc21d27ef10"},
    {file = "bcrypt-5.0.0-cp39-abi3-musllinux_1_2_x86_64.whl", hash = "sha256:61afc381250c3182d9078551e3ac3a41da14154fbff647ddf52a769f588c4172"},
    {file = "bcrypt-5.0.0-cp39-abi3-win32.whl", hash = "sha256:64d7ce196203e468c457c37ec22390f1a61c85c6f0b8160fd752940ccfb3a683"},
    {file = "bcrypt-5.0.0-cp39-abi3-win_amd64.whl", hash = "sha256:64ee8434b0da054d830fa8e89e1c8bf30061d539044a39524ff7dec90481e5c2"},
    {file = "bcrypt-5.0.0-cp39-abi3-win_arm64.whl", hash = "sha256:f2347d3534e76bf50bca5500989d6c1d05ed64b440408057a37673282c654927"},
    {file = "bcrypt-5.0.0-pp311-pypy311_pp73-manylinux_2_28_aarch64.whl", hash = "sha256:7edda91d5ab52b15636d9c30da87d2cc84f426c72b9dba7a9b4fe142ba11f534"},
    {file = "bcrypt-5.0.0-pp311-pypy311_pp73-manylinux_2_28_x86_64.whl", hash = "sha256:046ad6db88edb3c5ece4369af997938fb1c19d6a699b9c1b27b0db432faae4c4"},
    {file = "bcrypt-5.0.0-pp311-pypy311_pp73-manylinux_2_34_aarch64.whl", hash = "sha256:dcd58e2b3a908b5ecc9b9df2f0085592506ac2d5110786018ee5e160f28e0911"},
    {file = "bcrypt-5.0.0-pp311-pypy311_pp73-manylinux_2_34_x86_64.whl", hash = "sha256:6b8f520b61e8781efee73cba14e3e8c9556ccfb375623f4f97429544734545b4"},
    {file = "bcrypt-5.0.0.tar.gz", hash = "sha256:f748f7c2d6fd375cc93d3fba7ef4a9e3a092421b8dbf34d8d4dc06be9492dfdd"},
]

[package.extras]
tests = ["pytest (>=3.2.1,!=3.3.0)"]
typecheck = ["mypy"]

[[package]]
name = "black"
version = "25.12.0"
description = "The uncompromising code formatter."
optional = false
python-versions = ">=3.10"
groups = ["dev"]
files = [
    {file = "black-25.12.0-cp310-cp310-macosx_10_9_x86_64.whl", hash = "sha256:f85ba1ad15d446756b4ab5f3044731bf68b777f8f9ac9cdabd2425b97cd9c4e8"},
    {file = "black-25.12.0-cp310-cp310-macosx_11_0_arm64.whl", hash = "sha256:546eecfe9a3a6b46f9d69d8a642585a6eaf348bcbbc4d87a19635570e02d9f4a"},
    {file = "black-25.12.0-cp310-cp310-manylinux2014_x86_64.manylinux_2_17_x86_64.manylinux_2_28_x86_64.whl", hash = "sha256:17dcc893da8d73d8f74a596f64b7c98ef5239c2cd2b053c0f25912c4494bf9ea"},
    {file = "black-25.12.0-cp310-cp310-win_amd64.whl", hash = "sha256:09524b0e6af8ba7a3ffabdfc7a9922fb9adef60fed008c7cd2fc01f3048e6e6f"},
    {file = "black-25.12.0-cp310-cp310-win_arm64.whl", hash = "sha256:b162653ed89eb942758efeb29d5e333ca5bb90e5130216f8369857db5955a7da"},
    {file = "black-25.12.0-cp311-cp311-macosx_10_9_x86_64.whl", hash = "sha256:d0cfa263e85caea2cff57d8f917f9f51adae8e20b610e2b23de35b5b11ce691a"},
    {file = "black-25.12.0-cp311-cp311-macosx_11_0_arm64.whl", hash = "sha256:1a2f578ae20c19c50a382286ba78bfbeafdf788579b053d8e4980afb079ab9be"},
    {file = "black-25.12.0-cp311-cp311-manylinux2014_x86_64.manylinux_2_17_x86_64.manylinux_2_28_x86_64.whl", hash = "sha256:d3e1b65634b0e471d07ff86ec338819e2ef860689859ef4501ab7ac290431f9b"},
    {file = "black-25.12.0-cp311-cp311-win_amd64.whl", hash = "sha256:a3fa71e3b8dd9f7c6ac4d818345237dfb4175ed3bf37cd5a581dbc4c034f1ec5"},
    {file = "black-25.12.0-cp311-cp311-win_arm64.whl", hash = "sha256:51e267458f7e650afed8445dc7edb3187143003d52a1b710c7321aef22aa9655"},
    {file = "black-25.12.0-cp312-cp312-macosx_10_13_x86_64.whl", hash = "sha256:31f96b7c98c1ddaeb07dc0f56c652e25bdedaac76d5b68a059d998b57c55594a"},
    {file = "black-25.12.0-cp312-cp312-macosx_11_0_arm64.whl", hash = "sha256:05dd459a19e218078a1f98178c13f861fe6a9a5f88fc969ca4d9b49eb1809783"},
    {file = "black-25.12.0-cp312-cp312-manylinux2014_x86_64.manylinux_2_17_x86_64.manylinux_2_28_x86_64.whl", hash = "sha256:c1f68c5eff61f226934be6b5b80296cf6939e5d2f0c2f7d543ea08b204bfaf59"},
    {file = "black-25.12.0-cp312-cp312-win_amd64.whl", hash = "sha256:274f940c147ddab4442d316b27f9e332ca586d39c85ecf59ebdea82cc9ee8892"},
    {file = "black-25.12.0-cp312-cp312-win_arm64.whl", hash = "sha256:169506ba91ef21e2e0591563deda7f00030cb466e747c4b09cb0a9dae5db2f43"},
    {file = "black-25.12.0-cp313-cp313-macosx_10_13_x86_64.whl", hash = "sha256:a05ddeb656534c3e27a05a29196c962877c83fa5503db89e68857d1161ad08a5"},
    {file = "black-25.12.0-cp313-cp313-macosx_11_0_arm64.whl", hash = "sha256:9ec77439ef3e34896995503865a85732c94396edcc739f302c5673a2315e1e7f"},
    {file = "black-25.12.0-cp313-cp313-manylinux2014_x86_64.manylinux_2_17_x86_64.manylinux_2_28_x86_64.whl", hash = "sha256:0e509c858adf63aa61d908061b52e580c40eae0dfa72415fa47ac01b12e29baf"},
    {file = "black-25.12.0-cp313-cp313-win_amd64.whl", hash = "sha256:252678f07f5bac4ff0d0e9b261fbb029fa530cfa206d0a636a34ab445ef8ca9d"},
    {file = "black-25.12.0-cp313-cp313-win_arm64.whl", hash = "sha256:bc5b1c09fe3c931ddd20ee548511c64ebf964ada7e6f0763d443947fd1c603ce"},
    {file = "black-25.12.0-cp314-cp314-macosx_10_15_x86_64.whl", hash = "sha256:0a0953b134f9335c2434864a643c842c44fba562155c738a2a37a4d61f00cad5"},
    {file = "black-25.12.0-cp314-cp314-macosx_11_0_arm64.whl", hash = "sha256:2355bbb6c3b76062870942d8cc450d4f8ac71f9c93c40122762c8784df49543f"},
    {file = "black-25.12.0-cp314-cp314-manylinux2014_x86_64.manylinux_2_17_x86_64.manylinux_2_28_x86_64.whl", hash = "sha256:9678bd991cc793e81d19aeeae57966ee02909877cb65838ccffef24c3ebac08f"},
    {file = "black-25.12.0-cp314-cp314-win_amd64.whl", hash = "sha256:97596189949a8aad13ad12fcbb4ae89330039b96ad6742e6f6b45e75ad5cfd83"},
    {file = "black-25.12.0-cp314-cp314-win_arm64.whl", hash = "sha256:778285d9ea197f34704e3791ea9404cd6d07595745907dd2ce3da7a13627b29b"},
    {file = "black-25.12.0-py3-none-any.whl", hash = "sha256:48ceb36c16dbc84062740049eef990bb2ce07598272e673c17d1a7720c71c828"},
    {file = "black-25.12.0.tar.gz", hash = "sha256:8d3dd9cea14bff7ddc0eb243c811cdb1a011ebb4800a5f0335a01a68654796a7"},
]

[package.dependencies]
click = ">=8.0.0"
mypy-extensions = ">=0.4.3"
packaging = ">=22.0"
pathspec = ">=0.9.0"
platformdirs = ">=2"
pytokens = ">=0.3.0"

[package.extras]
colorama = ["colorama (>=0.4.3)"]
d = ["aiohttp (>=3.10)"]
jupyter = ["ipython (>=7.8.0)", "tokenize-rt (>=3.2.0)"]
uvloop = ["uvloop (>=0.15.2)"]

[[package]]
name = "click"
version = "8.3.1"
description = "Composable command line interface toolkit"
optional = false
python-versions = ">=3.10"
groups = ["dev"]
files = [
    {file = "click-8.3.1-py3-none-any.whl", hash = "sha256:981153a64e25f12d547d3426c367a4857371575ee7ad18df2a6183ab0545b2a6"},
    {file = "click-8.3.1.tar.gz", hash = "sha256:12ff4785d337a1bb490bb7e9c2b1ee5da3112e94a8622f26a6c77f5d2fc6842a"},
]

[package.dependencies]
colorama = {version = "*", markers = "platform_system == \"Windows\""}

[[package]]
name = "colorama"
version = "0.4.6"
description = "Cross-platform colored terminal text."
optional = false
python-versions = "!=3.0.*,!=3.1.*,!=3.2.*,!=3.3.*,!=3.4.*,!=3.5.*,!=3.6.*,>=2.7"
groups = ["dev"]
markers = "platform_system == \"Windows\""
files = [
    {file = "colorama-0.4.6-py2.py3-none-any.whl", hash = "sha256:4f1d9991f5acc0ca119f9d443620b77f9d6b33703e51011c16baf57afb285fc6"},
    {file = "colorama-0.4.6.tar.gz", hash = "sha256:08695f5cb7ed6e0531a20572697297273c47b8cae5a63ffc6d6ed5c201be6e44"},
]

[[package]]
name = "isort"
version = "7.0.0"
description = "A Python utility / library to sort Python imports."
optional = false
python-versions = ">=3.10.0"
groups = ["dev"]
files = [
    {file = "isort-7.0.0-py3-none-any.whl", hash = "sha256:1bcabac8bc3c36c7fb7b98a76c8abb18e0f841a3ba81decac7691008592499c1"},
    {file = "isort-7.0.0.tar.gz", hash = "sha256:5513527951aadb3ac4292a41a16cbc50dd1642432f5e8c20057d414bdafb4187"},
]

[package.extras]
colors = ["colorama"]
plugins = ["setuptools"]

[[package]]
name = "msgpack"
version = "1.1.2"
description = "MessagePack serializer"
optional = false
python-versions = ">=3.9"
groups = ["main"]
files = [
    {file = "msgpack-1.1.2-cp310-cp310-macosx_10_9_x86_64.whl", hash = "sha256:0051fffef5a37ca2cd16978ae4f0aef92f164df86823871b5162812bebecd8e2"},
    {file = "msgpack-1.1.2-cp310-cp310-macosx_11_0_arm64.whl", hash = "sha256:a605409040f2da88676e9c9e5853b3449ba8011973616189ea5ee55ddbc5bc87"},
    {file = "msgpack-1.1.2-cp310-cp310-manylinux2014_aarch64.manylinux_2_17_aarch64.manylinux_2_28_aarch64.whl", hash = "sha256:8b696e83c9f1532b4af884045ba7f3aa741a63b2bc22617293a2c6a7c645f251"},
    {file = "msgpack-1.1.2-cp310-cp310-manylinux2014_x86_64.manylinux_2_17_x86_64.manylinux_2_28_x86_64.whl", hash = "sha256:365c0bbe981a27d8932da71af63ef86acc59ed5c01ad929e09a0b88c6294e28a"},
    {file = "msgpack-1.1.2-cp310-cp310-musllinux_1_2_aarch64.whl", hash = "sha256:41d1a5d875680166d3ac5c38573896453bbbea7092936d2e107214daf43b1d4f"},
    {file = "msgpack-1.1.2-cp310-cp310-musllinux_1_2_x86_64.whl", hash = "sha256:354e81bcdebaab427c3df4281187edc765d5d76bfb3a7c125af9da7a27e8458f"},
    {file = "msgpack-1.1.2-cp310-cp310-win32.whl", hash = "sha256:e64c8d2f5e5d5fda7b842f55dec6133260ea8f53c4257d64494c534f306bf7a9"},
    {file = "msgpack-1.1.2-cp310-cp310-win_amd64.whl", hash = "sha256:db6192777d943bdaaafb6ba66d44bf65aa0e9c5616fa1d2da9bb08828c6b39aa"},
    {file = "msgpack-1.1.2-cp311-cp311-macosx_10_9_x86_64.whl", hash = "sha256:2e86a607e558d22985d856948c12a3fa7b42efad264dca8a3ebbcfa2735d786c"},
    {file = "msgpack-1.1.2-cp311-cp311-macosx_11_0_arm64.whl", hash = "sha256:283ae72fc89da59aa004ba147e8fc2f766647b1251500182fac0350d8af299c0"},
    {file = "msgpack-1.1.2-cp311-cp311-manylinux2014_aarch64.manylinux_2_17_aarch64.manylinux_2_28_aarch64.whl", hash = "sha256:61c8aa3bd513d87c72ed0b37b53dd5c5a0f58f2ff9f26e1555d3bd7948fb7296"},
    {file = "msgpack-1.1.2-cp311-cp311-manylinux2014_x86_64.manylinux_2_17_x86_64.manylinux_2_28_x86_64.whl", hash = "sha256:454e29e186285d2ebe65be34629fa0e8605202c60fbc7c4c650ccd41870896ef"},
    {file = "msgpack-1.1.2-cp311-cp311-musllinux_1_2_aarch64.whl", hash = "sha256:7bc8813f88417599564fafa59fd6f95be417179f76b40325b500b3c98409757c"},
    {file = "msgpack-1.1.2-cp311-cp311-musllinux_1_2_x86_64.whl", hash = "sha256:bafca952dc13907bdfdedfc6a5f579bf4f292bdd506fadb38389afa3ac5b208e"},
    {file = "msgpack-1.1.2-cp311-cp311-win32.whl", hash = "sha256:602b6740e95ffc55bfb078172d279de3773d7b7db1f703b2f1323566b878b90e"},
    {file = "msgpack-1.1.2-cp311-cp311-win_amd64.whl", hash = "sha256:d198d275222dc54244bf3327eb8cbe00307d220241d9cec4d306d49a44e85f68"},
    {file = "msgpack-1.1.2-cp311-cp311-win_arm64.whl", hash = "sha256:86f8136dfa5c116365a8a651a7d7484b65b13339731dd6faebb9a0242151c406"},
    {file = "msgpack-1.1.2-cp312-cp312-macosx_10_13_x86_64.whl", hash = "sha256:70a0dff9d1f8da25179ffcf880e10cf1aad55fdb63cd59c9a49a1b82290062aa"},
    {file = "msgpack-1.1.2-cp312-cp312-macosx_11_0_arm64.whl", hash = "sha256:446abdd8b94b55c800ac34b102dffd2f6aa0ce643c55dfc017ad89347db3dbdb"},
    {file = "msgpack-1.1.2-cp312-cp312-manylinux2014_aarch64.manylinux_2_17_aarch64.manylinux_2_28_aarch64.whl", hash = "sha256:c63eea553c69ab05b6747901b97d620bb2a690633c77f23feb0c6a947a8a7b8f"},
    {file = "msgpack-1.1.2-cp312-cp312-manylinux2014_x86_64.manylinux_2_17_x86_64.manylinux_2_28_x86_64.whl", hash = "sha256:372839311ccf6bdaf39b00b61288e0557916c3729529b301c52c2d88842add42"},
    {file = "msgpack-1.1.2-cp312-cp312-musllinux_1_2_aarch64.whl", hash = "sha256:2929af52106ca73fcb28576218476ffbb531a036c2adbcf54a3664de124303e9"},
    {file = "msgpack-1.1.2-cp312-cp312-musllinux_1_2_x86_64.whl", hash = "sha256:be52a8fc79e45b0364210eef5234a7cf8d330836d0a64dfbb878efa903d84620"},
    {file = "msgpack-1.1.2-cp312-cp312-win32.whl", hash = "sha256:1fff3d825d7859ac888b0fbda39a42d59193543920eda9d9bea44d958a878029"},
    {file = "msgpack-1.1.2-cp312-cp312-win_amd64.whl", hash = "sha256:1de460f0403172cff81169a30b9a92b260cb809c4cb7e2fc79ae8d0510c78b6b"},
    {file = "msgpack-1.1.2-cp312-cp312-win_arm64.whl", hash = "sha256:be5980f3ee0e6bd44f3a9e9dea01054f175b50c3e6cdb692bc9424c0bbb8bf69"},
    {file = "msgpack-1.1.2-cp313-cp313-macosx_10_13_x86_64.whl", hash = "sha256:4efd7b5979ccb539c221a4c4e16aac1a533efc97f3b759bb5a5ac9f6d10383bf"},
    {file = "msgpack-1.1.2-cp313-cp313-macosx_11_0_arm64.whl", hash = "sha256:42eefe2c3e2af97ed470eec850facbe1b5ad1d6eacdbadc42ec98e7dcf68b4b7"},
    {file = "msgpack-1.1.2-cp313-cp313-manylinux2014_aarch64.manylinux_2_17_aarch64.manylinux_2_28_aarch64.whl", hash = "sha256:1fdf7d83102bf09e7ce3357de96c59b627395352a4024f6e2458501f158bf999"},
    {file = "msgpack-1.1.2-cp313-cp313-manylinux2014_x86_64.manylinux_2_17_x86_64.manylinux_2_28_x86_64.whl", hash = "sha256:fac4be746328f90caa3cd4bc67e6fe36ca2bf61d5c6eb6d895b6527e3f05071e"},
    {file = "msgpack-1.1.2-cp313-cp313-musllinux_1_2_aarch64.whl", hash = "sha256:fffee09044073e69f2bad787071aeec727183e7580443dfeb8556cbf1978d162"},
    {file = "msgpack-1.1.2-cp313-cp313-musllinux_1_2_x86_64.whl", hash = "sha256:5928604de9b032bc17f5099496417f113c45bc6bc21b5c6920caf34b3c428794"},
    {file = "msgpack-1.1.2-cp313-cp313-win32.whl", hash = "sha256:a7787d353595c7c7e145e2331abf8b7ff1e6673a6b974ded96e6d4ec09f00c8c"},
    {file = "msgpack-1.1.2-cp313-cp313-win_amd64.whl", hash = "sha256:a465f0dceb8e13a487e54c07d04ae3ba131c7c5b95e2612596eafde1dccf64a9"},
    {file = "msgpack-1.1.2-cp313-cp313-win_arm64.whl", hash = "sha256:e69b39f8c0aa5ec24b57737ebee40be647035158f14ed4b40e6f150077e21a84"},
    {file = "msgpack-1.1.2-cp314-cp314-macosx_10_13_x86_64.whl", hash = "sha256:e23ce8d5f7aa6ea6d2a2b326b4ba46c985dbb204523759984430db7114f8aa00"},
    {file = "msgpack-1.1.2-cp314-cp314-macosx_11_0_arm64.whl", hash = "sha256:6c15b7d74c939ebe620dd8e559384be806204d73b4f9356320632d783d1f7939"},
    {file = "msgpack-1.1.2-cp314-cp314-manylinux2014_aarch64.manylinux_2_17_aarch64.manylinux_2_28_aarch64.whl", hash = "sha256:99e2cb7b9031568a2a5c73aa077180f93dd2e95b4f8d3b8e14a73ae94a9e667e"},
    {file = "msgpack-1.1.2-cp314-cp314-manylinux2014_x86_64.manylinux_2_17_x86_64.manylinux_2_28_x86_64.whl", hash = "sha256:180759d89a057eab503cf62eeec0aa61c4ea1200dee709f3a8e9397dbb3b6931"},
    {file = "msgpack-1.1.2-cp314-cp314-musllinux_1_2_aarch64.whl", hash = "sha256:04fb995247a6e83830b62f0b07bf36540c213f6eac8e851166d8d86d83cbd014"},
    {file = "msgpack-1.1.2-cp314-cp314-musllinux_1_2_x86_64.whl", hash = "sha256:8e22ab046fa7ede9e36eeb4cfad44d46450f37bb05d5ec482b02868f451c95e2"},
    {file = "msgpack-1.1.2-cp314-cp314-win32.whl", hash = "sha256:80a0ff7d4abf5fecb995fcf235d4064b9a9a8a40a3ab80999e6ac1e30b702717"},
    {file = "msgpack-1.1.2-cp314-cp314-win_amd64.whl", hash = "sha256:9ade919fac6a3e7260b7f64cea89df6bec59104987cbea34d34a2fa15d74310b"},
    {file = "msgpack-1.1.2-cp314-cp314-win_arm64.whl", hash = "sha256:59415c6076b1e30e563eb732e23b994a61c159cec44deaf584e5cc1dd662f2af"},
    {file = "msgpack-1.1.2-cp314-cp314t-macosx_10_13_x86_64.whl", hash = "sha256:897c478140877e5307760b0ea66e0932738879e7aa68144d9b78ea4c8302a84a"},
    {file = "msgpack-1.1.2-cp314-cp314t-macosx_11_0_arm64.whl", hash = "sha256:a668204fa43e6d02f89dbe79a30b0d67238d9ec4c5bd8a940fc3a004a47b721b"},
    {file = "msgpack-1.1.2-cp314-cp314t-manylinux2014_aarch64.manylinux_2_17_aarch64.manylinux_2_28_aarch64.whl", hash = "sha256:5559d03930d3aa0f3aacb4c42c776af1a2ace2611871c84a75afe436695e6245"},
    {file = "msgpack-1.1.2-cp314-cp314t-manylinux2014_x86_64.manylinux_2_17_x86_64.manylinux_2_28_x86_64.whl", hash = "sha256:70c5a7a9fea7f036b716191c29047374c10721c389c21e9ffafad04df8c52c90"},
    {file = "msgpack-1.1.2-cp314-cp314t-musllinux_1_2_aarch64.whl", hash = "sha256:f2cb069d8b981abc72b41aea1c580ce92d57c673ec61af4c500153a626cb9e20"},
    {file = "msgpack-1.1.2-cp314-cp314t-musllinux_1_2_x86_64.whl", hash = "sha256:d62ce1f483f355f61adb5433ebfd8868c5f078d1a52d042b0a998682b4fa8c27"},
    {file = "msgpack-1.1.2-cp314-cp314t-win32.whl", hash = "sha256:1d1418482b1ee984625d88aa9585db570180c286d942da463533b238b98b812b"},
    {file = "msgpack-1.1.2-cp314-cp314t-win_amd64.whl", hash = "sha256:5a46bf7e831d09470ad92dff02b8b1ac92175ca36b087f904a0519857c6be3ff"},
    {file = "msgpack-1.1.2-cp314-cp314t-win_arm64.whl", hash = "sha256:d99ef64f349d5ec3293688e91486c5fdb925ed03807f64d98d205d2713c60b46"},
    {file = "msgpack-1.1.2-cp39-cp39-macosx_10_9_x86_64.whl", hash = "sha256:ea5405c46e690122a76531ab97a079e184c0daf491e588592d6a23d3e32af99e"},
    {file = "msgpack-1.1.2-cp39-cp39-macosx_11_0_arm64.whl", hash = "sha256:9fba231af7a933400238cb357ecccf8ab5d51535ea95d94fc35b7806218ff844"},
    {file = "msgpack-1.1.2-cp39-cp39-manylinux2014_aarch64.manylinux_2_17_aarch64.manylinux_2_28_aarch64.whl", hash = "sha256:a8f6e7d30253714751aa0b0c84ae28948e852ee7fb0524082e6716769124bc23"},
    {file = "msgpack-1.1.2-cp39-cp39-manylinux2014_x86_64.manylinux_2_17_x86_64.manylinux_2_28_x86_64.whl", hash = "sha256:94fd7dc7d8cb0a54432f296f2246bc39474e017204ca6f4ff345941d4ed285a7"},
    {file = "msgpack-1.1.2-cp39-cp39-musllinux_1_2_aarch64.whl", hash = "sha256:350ad5353a467d9e3b126d8d1b90fe05ad081e2e1cef5753f8c345217c37e7b8"},
    {file = "msgpack-1.1.2-cp39-cp39-musllinux_1_2_x86_64.whl", hash = "sha256:6bde749afe671dc44893f8d08e83bf475a1a14570d67c4bb5cec5573463c8833"},
    {file = "msgpack-1.1.2-cp39-cp39-win32.whl", hash = "sha256:ad09b984828d6b7bb52d1d1d0c9be68ad781fa004ca39216c8a1e63c0f34ba3c"},
    {file = "msgpack-1.1.2-cp39-cp39-win_amd64.whl", hash = "sha256:67016ae8c8965124fdede9d3769528ad8284f14d635337ffa6a713a580f6c030"},
    {file = "msgpack-1.1.2.tar.gz", hash = "sha256:3b60763c1373dd60f398488069bcdc703cd08a711477b5d480eecc9f9626f47e"},
]

[[package]]
name = "mypy-extensions"
version = "1.1.0"
description = "Type system extensions for programs checked with the mypy type checker."
optional = false
python-versions = ">=3.8"
groups = ["dev"]
files = [
    {file = "mypy_extensions-1.1.0-py3-none-any.whl", hash = "sha256:1be4cccdb0f2482337c4743e60421de3a356cd97508abadd57d47403e94f5505"},
    {file = "mypy_extensions-1.1.0.tar.gz", hash = "sha256:52e68efc3284861e772bbcd66823fde5ae21fd2fdb51c62a211403730b916558"},
]

[[package]]
name = "natsort"
version = "8.4.0"
description = "Simple yet flexible natural sorting in Python."
optional = false
python-versions = ">=3.7"
groups = ["main"]
files = [
    {file = "natsort-8.4.0-py3-none-any.whl", hash = "sha256:4732914fb471f56b5cce04d7bae6f164a592c7712e1c85f9ef585e197299521c"},
    {file = "natsort-8.4.0.tar.gz", hash = "sha256:45312c4a0e5507593da193dedd04abb1469253b601ecaf63445ad80f0a1ea581"},
]

[package.extras]
fast = ["fastnumbers (>=2.0.0)"]
icu = ["PyICU (>=1.0.0)"]

[[package]]
name = "packaging"
version = "25.0"
description = "Core utilities for Python packages"
optional = false
python-versions = ">=3.8"
groups = ["dev"]
files = [
    {file = "packaging-25.0-py3-none-any.whl", hash = "sha256:29572ef2b1f17581046b3a2227d5c611fb25ec70ca1ba8554b24b0e69331a484"},
    {file = "packaging-25.0.tar.gz", hash = "sha256:d443872c98d677bf60f6a1f2f8c1cb748e8fe762d2bf9d3148b5599295b0fc4f"},
]

[[package]]
name = "pathspec"
version = "0.12.1"
description = "Utility library for gitignore style pattern matching of file paths."
optional = false
python-versions = ">=3.8"
groups = ["dev"]
files = [
    {file = "pathspec-0.12.1-py3-none-any.whl", hash = "sha256:a0d503e138a4c123b27490a4f7beda6a01c6f288df0e4a8b79c7eb0dc7b4cc08"},
    {file = "pathspec-0.12.1.tar.gz", hash = "sha256:a482d51503a1ab33b1c67a6c3813a26953dbdc71c31dacaef9a838c4e29f5712"},
]

[[package]]
name = "platformdirs"
version = "4.5.1"
description = "A small Python package for determining appropriate platform-specific dirs, e.g. a `user data dir`."
optional = false
python-versions = ">=3.10"
groups = ["dev"]
files = [
    {file = "platformdirs-4.5.1-py3-none-any.whl", hash = "sha256:d03afa3963c806a9bed9d5125c8f4cb2fdaf74a55ab60e5d59b3fde758104d31"},
    {file = "platformdirs-4.5.1.tar.gz", hash = "sha256:61d5cdcc6065745cdd94f0f878977f8de9437be93de97c1c12f853c9c0cdcbda"},
]

[package.extras]
docs = ["furo (>=2025.9.25)", "proselint (>=0.14)", "sphinx (>=8.2.3)", "sphinx-autodoc-typehints (>=3.2)"]
test = ["appdirs (==1.4.4)", "covdefaults (>=2.3)", "pytest (>=8.4.2)", "pytest-cov (>=7)", "pytest-mock (>=3.15.1)"]
type = ["mypy (>=1.18.2)"]

[[package]]
name = "psutil"
version = "7.1.3"
description = "Cross-platform lib for process and system monitoring."
optional = false
python-versions = ">=3.6"
groups = ["main"]
files = [
    {file = "psutil-7.1.3-cp313-cp313t-macosx_10_13_x86_64.whl", hash = "sha256:0005da714eee687b4b8decd3d6cc7c6db36215c9e74e5ad2264b90c3df7d92dc"},
    {file = "psutil-7.1.3-cp313-cp313t-macosx_11_0_arm64.whl", hash = "sha256:19644c85dcb987e35eeeaefdc3915d059dac7bd1167cdcdbf27e0ce2df0c08c0"},
    {file = "psutil-7.1.3-cp313-cp313t-manylinux2010_x86_64.manylinux_2_12_x86_64.manylinux_2_28_x86_64.whl", hash = "sha256:95ef04cf2e5ba0ab9eaafc4a11eaae91b44f4ef5541acd2ee91d9108d00d59a7"},
    {file = "psutil-7.1.3-cp313-cp313t-manylinux2014_aarch64.manylinux_2_17_aarch64.manylinux_2_28_aarch64.whl", hash = "sha256:1068c303be3a72f8e18e412c5b2a8f6d31750fb152f9cb106b54090296c9d251"},
    {file = "psutil-7.1.3-cp313-cp313t-win_amd64.whl", hash = "sha256:18349c5c24b06ac5612c0428ec2a0331c26443d259e2a0144a9b24b4395b58fa"},
    {file = "psutil-7.1.3-cp313-cp313t-win_arm64.whl", hash = "sha256:c525ffa774fe4496282fb0b1187725793de3e7c6b29e41562733cae9ada151ee"},
    {file = "psutil-7.1.3-cp314-cp314t-macosx_10_15_x86_64.whl", hash = "sha256:b403da1df4d6d43973dc004d19cee3b848e998ae3154cc8097d139b77156c353"},
    {file = "psutil-7.1.3-cp314-cp314t-macosx_11_0_arm64.whl", hash = "sha256:ad81425efc5e75da3f39b3e636293360ad8d0b49bed7df824c79764fb4ba9b8b"},
    {file = "psutil-7.1.3-cp314-cp314t-manylinux2010_x86_64.manylinux_2_12_x86_64.manylinux_2_28_x86_64.whl", hash = "sha256:8f33a3702e167783a9213db10ad29650ebf383946e91bc77f28a5eb083496bc9"},
    {file = "psutil-7.1.3-cp314-cp314t-manylinux2014_aarch64.manylinux_2_17_aarch64.manylinux_2_28_aarch64.whl", hash = "sha256:fac9cd332c67f4422504297889da5ab7e05fd11e3c4392140f7370f4208ded1f"},
    {file = "psutil-7.1.3-cp314-cp314t-win_amd64.whl", hash = "sha256:3792983e23b69843aea49c8f5b8f115572c5ab64c153bada5270086a2123c7e7"},
    {file = "psutil-7.1.3-cp314-cp314t-win_arm64.whl", hash = "sha256:31d77fcedb7529f27bb3a0472bea9334349f9a04160e8e6e5020f22c59893264"},
    {file = "psutil-7.1.3-cp36-abi3-macosx_10_9_x86_64.whl", hash = "sha256:2bdbcd0e58ca14996a42adf3621a6244f1bb2e2e528886959c72cf1e326677ab"},
    {file = "psutil-7.1.3-cp36-abi3-macosx_11_0_arm64.whl", hash = "sha256:bc31fa00f1fbc3c3802141eede66f3a2d51d89716a194bf2cd6fc68310a19880"},
    {file = "psutil-7.1.3-cp36-abi3-manylinux2010_x86_64.manylinux_2_12_x86_64.manylinux_2_28_x86_64.whl", hash = "sha256:3bb428f9f05c1225a558f53e30ccbad9930b11c3fc206836242de1091d3e7dd3"},
    {file = "psutil-7.1.3-cp36-abi3-manylinux2014_aarch64.manylinux_2_17_aarch64.manylinux_2_28_aarch64.whl", hash = "sha256:56d974e02ca2c8eb4812c3f76c30e28836fffc311d55d979f1465c1feeb2b68b"},
    {file = "psutil-7.1.3-cp37-abi3-win_amd64.whl", hash = "sha256:f39c2c19fe824b47484b96f9692932248a54c43799a84282cfe58d05a6449efd"},
    {file = "psutil-7.1.3-cp37-abi3-win_arm64.whl", hash = "sha256:bd0d69cee829226a761e92f28140bec9a5ee9d5b4fb4b0cc589068dbfff559b1"},
    {file = "psutil-7.1.3.tar.gz", hash = "sha256:6c86281738d77335af7aec228328e944b30930899ea760ecf33a4dba66be5e74"},
]

[package.extras]
dev = ["abi3audit", "black", "check-manifest", "colorama ; os_name == \"nt\"", "coverage", "packaging", "pylint", "pyperf", "pypinfo", "pyreadline ; os_name == \"nt\"", "pytest", "pytest-cov", "pytest-instafail", "pytest-subtests", "pytest-xdist", "pywin32 ; os_name == \"nt\" and platform_python_implementation != \"PyPy\"", "requests", "rstcheck", "ruff", "setuptools", "sphinx", "sphinx_rtd_theme", "toml-sort", "twine", "validate-pyproject[all]", "virtualenv", "vulture", "wheel", "wheel ; os_name == \"nt\" and platform_python_implementation != \"PyPy\"", "wmi ; os_name == \"nt\" and platform_python_implementation != \"PyPy\""]
test = ["pytest", "pytest-instafail", "pytest-subtests", "pytest-xdist", "pywin32 ; os_name == \"nt\" and platform_python_implementation != \"PyPy\"", "setuptools", "wheel ; os_name == \"nt\" and platform_python_implementation != \"PyPy\"", "wmi ; os_name == \"nt\" and platform_python_implementation != \"PyPy\""]

[[package]]
name = "pytokens"
version = "0.3.0"
description = "A Fast, spec compliant Python 3.14+ tokenizer that runs on older Pythons."
optional = false
python-versions = ">=3.8"
groups = ["dev"]
files = [
    {file = "pytokens-0.3.0-py3-none-any.whl", hash = "sha256:95b2b5eaf832e469d141a378872480ede3f251a5a5041b8ec6e581d3ac71bbf3"},
    {file = "pytokens-0.3.0.tar.gz", hash = "sha256:2f932b14ed08de5fcf0b391ace2642f858f1394c0857202959000b68ed7a458a"},
]

[package.extras]
dev = ["black", "build", "mypy", "pytest", "pytest-cov", "setuptools", "tox", "twine", "wheel"]

[[package]]
name = "redis"
version = "6.4.0"
description = "Python client for Redis database and key-value store"
optional = false
python-versions = ">=3.9"
groups = ["main"]
files = [
    {file = "redis-6.4.0-py3-none-any.whl", hash = "sha256:f0544fa9604264e9464cdf4814e7d4830f74b165d52f2a330a760a88dd248b7f"},
    {file = "redis-6.4.0.tar.gz", hash = "sha256:b01bc7282b8444e28ec36b261df5375183bb47a07eb9c603f284e89cbc5ef010"},
]

[package.extras]
hiredis = ["hiredis (>=3.2.0)"]
jwt = ["pyjwt (>=2.9.0)"]
ocsp = ["cryptography (>=36.0.1)", "pyopenssl (>=20.0.1)", "requests (>=2.31.0)"]

[[package]]
name = "termcolor"
version = "2.5.0"
description = "ANSI color formatting for output in terminal"
optional = false
python-versions = ">=3.9"
groups = ["main"]
files = [
    {file = "termcolor-2.5.0-py3-none-any.whl", hash = "sha256:37b17b5fc1e604945c2642c872a3764b5d547a48009871aea3edd3afa180afb8"},
    {file = "termcolor-2.5.0.tar.gz", hash = "sha256:998d8d27da6d48442e8e1f016119076b690d962507531df4890fcd2db2ef8a6f"},
]

[package.extras]
tests = ["pytest", "pytest-cov"]

[[package]]
name = "tornado"
version = "6.5.5"
description = "Tornado is a Python web framework and asynchronous networking library, originally developed at FriendFeed."
optional = false
python-versions = ">=3.9"
groups = ["main"]
files = [
    {file = "tornado-6.5.5-cp39-abi3-macosx_10_9_universal2.whl", hash = "sha256:487dc9cc380e29f58c7ab88f9e27cdeef04b2140862e5076a66fb6bb68bb1bfa"},
    {file = "tornado-6.5.5-cp39-abi3-macosx_10_9_x86_64.whl", hash = "sha256:65a7f1d46d4bb41df1ac99f5fcb685fb25c7e61613742d5108b010975a9a6521"},
    {file = "tornado-6.5.5-cp39-abi3-manylinux1_x86_64.manylinux_2_28_x86_64.manylinux_2_5_x86_64.whl", hash = "sha256:e74c92e8e65086b338fd56333fb9a68b9f6f2fe7ad532645a290a464bcf46be5"},
    {file = "tornado-6.5.5-cp39-abi3-manylinux2014_aarch64.manylinux_2_17_aarch64.manylinux_2_28_aarch64.whl", hash = "sha256:435319e9e340276428bbdb4e7fa732c2d399386d1de5686cb331ec8eee754f07"},
    {file = "tornado-6.5.5-cp39-abi3-musllinux_1_2_aarch64.whl", hash = "sha256:3f54aa540bdbfee7b9eb268ead60e7d199de5021facd276819c193c0fb28ea4e"},
    {file = "tornado-6.5.5-cp39-abi3-musllinux_1_2_x86_64.whl", hash = "sha256:36abed1754faeb80fbd6e64db2758091e1320f6bba74a4cf8c09cd18ccce8aca"},
    {file = "tornado-6.5.5-cp39-abi3-win32.whl", hash = "sha256:dd3eafaaeec1c7f2f8fdcd5f964e8907ad788fe8a5a32c4426fbbdda621223b7"},
    {file = "tornado-6.5.5-cp39-abi3-win_amd64.whl", hash = "sha256:6443a794ba961a9f619b1ae926a2e900ac20c34483eea67be4ed8f1e58d3ef7b"},
    {file = "tornado-6.5.5-cp39-abi3-win_arm64.whl", hash = "sha256:2c9a876e094109333f888539ddb2de4361743e5d21eece20688e3e351e4990a6"},
    {file = "tornado-6.5.5.tar.gz", hash = "sha256:192b8f3ea91bd7f1f50c06955416ed76c6b72f96779b962f07f911b91e8d30e9"},
]

[metadata]
lock-version = "2.1"
python-versions = "^3.14"
content-hash = "7f28db005daa811a21980acd6425f24835dc73f0905da3e5f71e8a6147641069"
